{
  "nodes": {
    "flake-compat": {
      "flake": false,
      "locked": {
        "lastModified": 1606424373,
        "narHash": "sha256-oq8d4//CJOrVj+EcOaSXvMebvuTkmBJuT5tzlfewUnQ=",
        "owner": "edolstra",
        "repo": "flake-compat",
        "rev": "99f1c2157fba4bfe6211a321fd0ee43199025dbf",
        "type": "github"
      },
      "original": {
        "owner": "edolstra",
        "repo": "flake-compat",
        "type": "github"
      }
    },
    "guix": {
      "inputs": {
        "flake-compat": "flake-compat",
        "nixpkgs": "nixpkgs"
      },
      "locked": {
        "lastModified": 1623470855,
        "narHash": "sha256-7rbgpWpWqyxEb3ozA1xR7CO4h0fvYukZG+29yzSUFaI=",
        "owner": "ethancedwards8",
        "repo": "nixos-guix",
        "rev": "38b6ece11a64f08c8a6099fb6f1822db89686284",
        "type": "github"
      },
      "original": {
        "owner": "ethancedwards8",
        "repo": "nixos-guix",
        "type": "github"
      }
    },
    "nixpkgs": {
      "locked": {
        "lastModified": 1622966049,
        "narHash": "sha256-6g+28v94ISkVk9TBSsITVOnB2slK8plieWPIF2jo/l0=",
        "owner": "nixos",
        "repo": "nixpkgs",
        "rev": "fbfb79400a08bf754e32b4d4fc3f7d8f8055cf94",
        "type": "github"
      },
      "original": {
        "owner": "nixos",
        "ref": "nixos-unstable",
        "repo": "nixpkgs",
        "type": "github"
      }
    },
    "nixpkgs_2": {
      "locked": {
        "lastModified": 1622797669,
        "narHash": "sha256-xIyWeoYExzF0KNaKcqfxEX58fN4JTIQxTJWbsAujllc=",
        "owner": "nixos",
        "repo": "nixpkgs",
        "rev": "1ca6b0a0cc38dbba0441202535c92841dd39d1ae",
        "type": "github"
      },
      "original": {
        "owner": "nixos",
        "ref": "nixos-unstable",
        "repo": "nixpkgs",
        "type": "github"
      }
    },
    "root": {
      "inputs": {
        "guix": "guix",
        "nixpkgs": "nixpkgs_2"
      }
    }
  },
  "root": "root",
  "version": 7
}
